
Microsoft Visual Studio Solution File, Format Version 12.00
# Visual Studio Version 17
VisualStudioVersion = 17.8.34511.84
MinimumVisualStudioVersion = 10.0.40219.1
Project("{9A19103F-16F7-4668-BE54-9A1E7A4F7556}") = "UserService", "UserService.csproj", "{20828582-FCE8-4C57-90D9-E1B7F7491DAB}"
EndProject
Project("{FAE04EC0-301F-11D3-BF4B-00C04F79EFBC}") = "UserServiceTest", "..\UserServiceTest\UserServiceTest.csproj", "{7DD20D98-653D-4F40-A994-C66F35130C8B}"
EndProject
Global
	GlobalSection(SolutionConfigurationPlatforms) = preSolution
		Debug|Any CPU = Debug|Any CPU
		Release|Any CPU = Release|Any CPU
	EndGlobalSection
	GlobalSection(ProjectConfigurationPlatforms) = postSolution
		{20828582-FCE8-4C57-90D9-E1B7F7491DAB}.Debug|Any CPU.ActiveCfg = Debug|Any CPU
		{20828582-FCE8-4C57-90D9-E1B7F7491DAB}.Debug|Any CPU.Build.0 = Debug|Any CPU
		{20828582-FCE8-4C57-90D9-E1B7F7491DAB}.Release|Any CPU.ActiveCfg = Release|Any CPU
		{20828582-FCE8-4C57-90D9-E1B7F7491DAB}.Release|Any CPU.Build.0 = Release|Any CPU
		{7DD20D98-653D-4F40-A994-C66F35130C8B}.Debug|Any CPU.ActiveCfg = Debug|Any CPU
		{7DD20D98-653D-4F40-A994-C66F35130C8B}.Debug|Any CPU.Build.0 = Debug|Any CPU
		{7DD20D98-653D-4F40-A994-C66F35130C8B}.Release|Any CPU.ActiveCfg = Release|Any CPU
		{7DD20D98-653D-4F40-A994-C66F35130C8B}.Release|Any CPU.Build.0 = Release|Any CPU
	EndGlobalSection
	GlobalSection(SolutionProperties) = preSolution
		HideSolutionNode = FALSE
	EndGlobalSection
	GlobalSection(ExtensibilityGlobals) = postSolution
		SolutionGuid = {58DE3996-C472-4CFF-907F-6A9D70D5F6F1}
	EndGlobalSection
EndGlobal
